{
  "name": "api",
  "requires": true,
  "lockfileVersion": 1,
  "dependencies": {
    "react-navigation-drawer": {
      "version": "2.1.0",
      "resolved": "https://registry.npmjs.org/react-navigation-drawer/-/react-navigation-drawer-2.1.0.tgz",
      "integrity": "sha512-gEXpGIi1p09HpqbzsmbdC7Qga/WvyKlZzPR4S829EyQiTdeSxP0GeFrPlxICdlH+PGZvRBmyC27EfTR0jZ872A=="
    }
  }
}
